{
    "_readme": [
        "This file locks the dependencies of your project to a known state",
        "Read more about it at https://getcomposer.org/doc/01-basic-usage.md#installing-dependencies",
        "This file is @generated automatically"
    ],
    "content-hash": "66cd0c5a4fa4536131c20d1d85a6d524",
    "packages": [
        {
            "name": "firebase/php-jwt",
            "version": "v7.1.0",
            "source": {
                "type": "git",
                "url": "https://github.com/googleapis/php-jwt.git",
                "reference": "b374a5d1a4f1f67fadc2165cdb284645945e2fc0"
            },
            "dist": {
                "type": "zip",
                "url": "https://api.github.com/repos/googleapis/php-jwt/zipball/b374a5d1a4f1f67fadc2165cdb284645945e2fc0",
                "reference": "b374a5d1a4f1f67fadc2165cdb284645945e2fc0",
                "shasum": ""
            },
            "require": {
                "php": "^8.0"
            },
            "require-dev": {
                "guzzlehttp/guzzle": "^7.4",
                "phpfastcache/phpfastcache": "^9.2",
                "phpseclib/phpseclib": "~3.0",
                "phpspec/prophecy-phpunit": "^2.0",
                "phpunit/phpunit": "^9.5",
                "psr/cache": "^2.0||^3.0",
                "psr/http-client": "^1.0",
                "psr/http-factory": "^1.0"
            },
            "suggest": {
                "ext-sodium": "Support EdDSA (Ed25519) signatures",
                "paragonie/sodium_compat": "Support EdDSA (Ed25519) signatures when libsodium is not present",
                "phpseclib/phpseclib": "Support PS256 (RSASSA-PSS) signatures"
            },
            "type": "library",
            "autoload": {
                "psr-4": {
                    "Firebase\\JWT\\": "src"
                }
            },
            "notification-url": "https://packagist.org/downloads/",
            "license": [
                "BSD-3-Clause"
            ],
            "authors": [
                {
                    "name": "Neuman Vong",
                    "email": "neuman+pear@twilio.com",
                    "role": "Developer"
                },
                {
                    "name": "Anant Narayanan",
                    "email": "anant@php.net",
                    "role": "Developer"
                }
            ],
            "description": "A simple library to encode and decode JSON Web Tokens (JWT) in PHP. Should conform to the current spec.",
            "homepage": "https://github.com/googleapis/php-jwt",
            "keywords": [
                "jwt",
                "php"
            ],
            "support": {
                "issues": "https://github.com/googleapis/php-jwt/issues",
                "source": "https://github.com/googleapis/php-jwt/tree/v7.1.0"
            },
            "time": "2026-06-11T17:54:14+00:00"
        },
        {
            "name": "getsupertab/connect-sdk-php",
            "version": "v1.4.0-beta.9",
            "source": {
                "type": "git",
                "url": "https://github.com/getsupertab/connect-sdk-php.git",
                "reference": "ad5459a7f73d8a50f284b4dee6182b33b96f08eb"
            },
            "dist": {
                "type": "zip",
                "url": "https://api.github.com/repos/getsupertab/connect-sdk-php/zipball/ad5459a7f73d8a50f284b4dee6182b33b96f08eb",
                "reference": "ad5459a7f73d8a50f284b4dee6182b33b96f08eb",
                "shasum": ""
            },
            "require": {
                "ext-curl": "*",
                "ext-json": "*",
                "ext-openssl": "*",
                "ext-simplexml": "*",
                "firebase/php-jwt": "^7.0",
                "php": ">=8.1"
            },
            "require-dev": {
                "phpunit/phpunit": "^10.5 || ^11.0",
                "squizlabs/php_codesniffer": "^3.11"
            },
            "type": "library",
            "autoload": {
                "psr-4": {
                    "Supertab\\Connect\\": "src/"
                }
            },
            "notification-url": "https://packagist.org/downloads/",
            "license": [
                "MIT"
            ],
            "authors": [
                {
                    "name": "Supertab",
                    "homepage": "https://supertab.co"
                }
            ],
            "description": "Supertab Connect PHP SDK",
            "homepage": "https://github.com/getsupertab/connect-sdk-php",
            "keywords": [
                "connect",
                "jwt",
                "license",
                "rsl",
                "supertab"
            ],
            "support": {
                "issues": "https://github.com/getsupertab/connect-sdk-php/issues",
                "source": "https://github.com/getsupertab/connect-sdk-php/tree/v1.4.0-beta.9"
            },
            "time": "2026-07-14T08:41:59+00:00"
        }
    ],
    "packages-dev": [],
    "aliases": [],
    "minimum-stability": "stable",
    "stability-flags": {
        "getsupertab/connect-sdk-php": 10
    },
    "prefer-stable": false,
    "prefer-lowest": false,
    "platform": {
        "php": ">=8.1"
    },
    "platform-dev": {},
    "plugin-api-version": "2.9.0"
}
